
Microsoft Visual Studio Solution File, Format Version 12.00
# Visual Studio Version 17
Project("{8BC9CEB8-8B4A-11D0-8D11-00A0C91BC942}") = "ALL_BUILD", "ALL_BUILD.vcxproj", "{FA1D71F8-3E28-3B6E-9815-3580319D7114}"
	ProjectSection(ProjectDependencies) = postProject
		{CA3631CE-1205-38B6-9F81-77266F55C197} = {CA3631CE-1205-38B6-9F81-77266F55C197}
		{8CC7B444-A938-3840-8BC5-1AAD50EEF137} = {8CC7B444-A938-3840-8BC5-1AAD50EEF137}
		{37F2991F-7BD8-30C1-857F-554F3176EFB9} = {37F2991F-7BD8-30C1-857F-554F3176EFB9}
		{8578CBC5-0AFA-3C70-92BF-1EBD76C055A5} = {8578CBC5-0AFA-3C70-92BF-1EBD76C055A5}
	EndProjectSection
EndProject
Project("{8BC9CEB8-8B4A-11D0-8D11-00A0C91BC942}") = "ZERO_CHECK", "ZERO_CHECK.vcxproj", "{CA3631CE-1205-38B6-9F81-77266F55C197}"
	ProjectSection(ProjectDependencies) = postProject
	EndProjectSection
EndProject
Project("{8BC9CEB8-8B4A-11D0-8D11-00A0C91BC942}") = "pricer_grpc_proto", "pricer_grpc_proto.vcxproj", "{8CC7B444-A938-3840-8BC5-1AAD50EEF137}"
	ProjectSection(ProjectDependencies) = postProject
		{CA3631CE-1205-38B6-9F81-77266F55C197} = {CA3631CE-1205-38B6-9F81-77266F55C197}
	EndProjectSection
EndProject
Project("{8BC9CEB8-8B4A-11D0-8D11-00A0C91BC942}") = "pricing_server", "pricing_server.vcxproj", "{37F2991F-7BD8-30C1-857F-554F3176EFB9}"
	ProjectSection(ProjectDependencies) = postProject
		{CA3631CE-1205-38B6-9F81-77266F55C197} = {CA3631CE-1205-38B6-9F81-77266F55C197}
		{8CC7B444-A938-3840-8BC5-1AAD50EEF137} = {8CC7B444-A938-3840-8BC5-1AAD50EEF137}
	EndProjectSection
EndProject
Project("{8BC9CEB8-8B4A-11D0-8D11-00A0C91BC942}") = "test_json_reader", "test_json_reader.vcxproj", "{8578CBC5-0AFA-3C70-92BF-1EBD76C055A5}"
	ProjectSection(ProjectDependencies) = postProject
		{CA3631CE-1205-38B6-9F81-77266F55C197} = {CA3631CE-1205-38B6-9F81-77266F55C197}
	EndProjectSection
EndProject
Global
	GlobalSection(SolutionConfigurationPlatforms) = preSolution
		Debug|x64 = Debug|x64
		Release|x64 = Release|x64
		MinSizeRel|x64 = MinSizeRel|x64
		RelWithDebInfo|x64 = RelWithDebInfo|x64
	EndGlobalSection
	GlobalSection(ProjectConfigurationPlatforms) = postSolution
		{FA1D71F8-3E28-3B6E-9815-3580319D7114}.Debug|x64.ActiveCfg = Debug|x64
		{FA1D71F8-3E28-3B6E-9815-3580319D7114}.Release|x64.ActiveCfg = Release|x64
		{FA1D71F8-3E28-3B6E-9815-3580319D7114}.MinSizeRel|x64.ActiveCfg = MinSizeRel|x64
		{FA1D71F8-3E28-3B6E-9815-3580319D7114}.RelWithDebInfo|x64.ActiveCfg = RelWithDebInfo|x64
		{CA3631CE-1205-38B6-9F81-77266F55C197}.Debug|x64.ActiveCfg = Debug|x64
		{CA3631CE-1205-38B6-9F81-77266F55C197}.Debug|x64.Build.0 = Debug|x64
		{CA3631CE-1205-38B6-9F81-77266F55C197}.Release|x64.ActiveCfg = Release|x64
		{CA3631CE-1205-38B6-9F81-77266F55C197}.Release|x64.Build.0 = Release|x64
		{CA3631CE-1205-38B6-9F81-77266F55C197}.MinSizeRel|x64.ActiveCfg = MinSizeRel|x64
		{CA3631CE-1205-38B6-9F81-77266F55C197}.MinSizeRel|x64.Build.0 = MinSizeRel|x64
		{CA3631CE-1205-38B6-9F81-77266F55C197}.RelWithDebInfo|x64.ActiveCfg = RelWithDebInfo|x64
		{CA3631CE-1205-38B6-9F81-77266F55C197}.RelWithDebInfo|x64.Build.0 = RelWithDebInfo|x64
		{8CC7B444-A938-3840-8BC5-1AAD50EEF137}.Debug|x64.ActiveCfg = Debug|x64
		{8CC7B444-A938-3840-8BC5-1AAD50EEF137}.Debug|x64.Build.0 = Debug|x64
		{8CC7B444-A938-3840-8BC5-1AAD50EEF137}.Release|x64.ActiveCfg = Release|x64
		{8CC7B444-A938-3840-8BC5-1AAD50EEF137}.Release|x64.Build.0 = Release|x64
		{8CC7B444-A938-3840-8BC5-1AAD50EEF137}.MinSizeRel|x64.ActiveCfg = MinSizeRel|x64
		{8CC7B444-A938-3840-8BC5-1AAD50EEF137}.MinSizeRel|x64.Build.0 = MinSizeRel|x64
		{8CC7B444-A938-3840-8BC5-1AAD50EEF137}.RelWithDebInfo|x64.ActiveCfg = RelWithDebInfo|x64
		{8CC7B444-A938-3840-8BC5-1AAD50EEF137}.RelWithDebInfo|x64.Build.0 = RelWithDebInfo|x64
		{37F2991F-7BD8-30C1-857F-554F3176EFB9}.Debug|x64.ActiveCfg = Debug|x64
		{37F2991F-7BD8-30C1-857F-554F3176EFB9}.Debug|x64.Build.0 = Debug|x64
		{37F2991F-7BD8-30C1-857F-554F3176EFB9}.Release|x64.ActiveCfg = Release|x64
		{37F2991F-7BD8-30C1-857F-554F3176EFB9}.Release|x64.Build.0 = Release|x64
		{37F2991F-7BD8-30C1-857F-554F3176EFB9}.MinSizeRel|x64.ActiveCfg = MinSizeRel|x64
		{37F2991F-7BD8-30C1-857F-554F3176EFB9}.MinSizeRel|x64.Build.0 = MinSizeRel|x64
		{37F2991F-7BD8-30C1-857F-554F3176EFB9}.RelWithDebInfo|x64.ActiveCfg = RelWithDebInfo|x64
		{37F2991F-7BD8-30C1-857F-554F3176EFB9}.RelWithDebInfo|x64.Build.0 = RelWithDebInfo|x64
		{8578CBC5-0AFA-3C70-92BF-1EBD76C055A5}.Debug|x64.ActiveCfg = Debug|x64
		{8578CBC5-0AFA-3C70-92BF-1EBD76C055A5}.Debug|x64.Build.0 = Debug|x64
		{8578CBC5-0AFA-3C70-92BF-1EBD76C055A5}.Release|x64.ActiveCfg = Release|x64
		{8578CBC5-0AFA-3C70-92BF-1EBD76C055A5}.Release|x64.Build.0 = Release|x64
		{8578CBC5-0AFA-3C70-92BF-1EBD76C055A5}.MinSizeRel|x64.ActiveCfg = MinSizeRel|x64
		{8578CBC5-0AFA-3C70-92BF-1EBD76C055A5}.MinSizeRel|x64.Build.0 = MinSizeRel|x64
		{8578CBC5-0AFA-3C70-92BF-1EBD76C055A5}.RelWithDebInfo|x64.ActiveCfg = RelWithDebInfo|x64
		{8578CBC5-0AFA-3C70-92BF-1EBD76C055A5}.RelWithDebInfo|x64.Build.0 = RelWithDebInfo|x64
	EndGlobalSection
	GlobalSection(ExtensibilityGlobals) = postSolution
		SolutionGuid = {0010C097-3077-3737-8973-47589FEDF80C}
	EndGlobalSection
	GlobalSection(ExtensibilityAddIns) = postSolution
	EndGlobalSection
EndGlobal
